
Microsoft Visual Studio Solution File, Format Version 12.00
# Visual Studio 15
VisualStudioVersion = 15.0.28307.168
MinimumVisualStudioVersion = 10.0.40219.1
Project("{FAE04EC0-301F-11D3-BF4B-00C04F79EFBC}") = "Synergy.Common.DAL.Abstract", "Synergy.Common.DAL.Abstract\Synergy.Common.DAL.Abstract.csproj", "{E66BBC9A-9E74-4D4E-9072-5ED2DAA83C81}"
EndProject
Project("{2150E333-8FDC-42A3-9474-1A3956D46DE8}") = "Synergy.Common.DAL.Access", "Synergy.Common.DAL.Access", "{5D4534EE-6510-43D6-A2D6-EE4B59C0626C}"
EndProject
Project("{FAE04EC0-301F-11D3-BF4B-00C04F79EFBC}") = "Synergy.Common.DAL.Access.PostgreSQL", "Synergy.Common.DAL.Access.PostgreSQL\Synergy.Common.DAL.Access.PostgreSQL.csproj", "{3EC756FB-F205-4479-A0FC-CA4EE0EBEFC5}"
EndProject
Global
	GlobalSection(SolutionConfigurationPlatforms) = preSolution
		Debug|Any CPU = Debug|Any CPU
		Release|Any CPU = Release|Any CPU
	EndGlobalSection
	GlobalSection(ProjectConfigurationPlatforms) = postSolution
		{E66BBC9A-9E74-4D4E-9072-5ED2DAA83C81}.Debug|Any CPU.ActiveCfg = Debug|Any CPU
		{E66BBC9A-9E74-4D4E-9072-5ED2DAA83C81}.Debug|Any CPU.Build.0 = Debug|Any CPU
		{E66BBC9A-9E74-4D4E-9072-5ED2DAA83C81}.Release|Any CPU.ActiveCfg = Release|Any CPU
		{E66BBC9A-9E74-4D4E-9072-5ED2DAA83C81}.Release|Any CPU.Build.0 = Release|Any CPU
		{3EC756FB-F205-4479-A0FC-CA4EE0EBEFC5}.Debug|Any CPU.ActiveCfg = Debug|Any CPU
		{3EC756FB-F205-4479-A0FC-CA4EE0EBEFC5}.Debug|Any CPU.Build.0 = Debug|Any CPU
		{3EC756FB-F205-4479-A0FC-CA4EE0EBEFC5}.Release|Any CPU.ActiveCfg = Release|Any CPU
		{3EC756FB-F205-4479-A0FC-CA4EE0EBEFC5}.Release|Any CPU.Build.0 = Release|Any CPU
	EndGlobalSection
	GlobalSection(SolutionProperties) = preSolution
		HideSolutionNode = FALSE
	EndGlobalSection
	GlobalSection(NestedProjects) = preSolution
		{3EC756FB-F205-4479-A0FC-CA4EE0EBEFC5} = {5D4534EE-6510-43D6-A2D6-EE4B59C0626C}
	EndGlobalSection
	GlobalSection(ExtensibilityGlobals) = postSolution
		SolutionGuid = {94AF66B5-DE25-4A64-8E3C-C238727BD400}
	EndGlobalSection
EndGlobal
